<?xml version="1.0" encoding="UTF-8" standalone="yes" ?>
<CodeBlocks_project_file>
	<FileVersion major="1" minor="6" />
	<Project>
		<Option title="rogue2" />
		<Option pch_mode="2" />
		<Option compiler="gcc" />
		<Build>
			<Target title="Debug">
				<Option output="../../bin/Debug/rogue2" prefix_auto="1" extension_auto="1" />
				<Option working_dir="../" />
				<Option object_output="../../obj/Debug/rogue2" />
				<Option type="0" />
				<Option compiler="gcc" />
				<Compiler>
					<Add option="-g" />
				</Compiler>
			</Target>
			<Target title="Release">
				<Option output="../bin/Release/rogue2" prefix_auto="1" extension_auto="1" />
				<Option object_output="../obj/Release/" />
				<Option type="1" />
				<Option compiler="gcc" />
				<Compiler>
					<Add option="-O2" />
				</Compiler>
				<Linker>
					<Add option="-s" />
				</Linker>
			</Target>
		</Build>
		<Compiler>
			<Add option="-Wall" />
		</Compiler>
		<Linker>
			<Add library="X11" />
		</Linker>
		<Unit filename="adat.h" />
		<Unit filename="answers.cpp" />
		<Unit filename="answers.h" />
		<Unit filename="area.cpp" />
		<Unit filename="area.h" />
		<Unit filename="area_generate.cpp" />
		<Unit filename="area_shape.cpp" />
		<Unit filename="array.cpp" />
		<Unit filename="array.h" />
		<Unit filename="bsdata.h" />
		<Unit filename="bstream.cpp" />
		<Unit filename="bstream.h" />
		<Unit filename="collection.cpp" />
		<Unit filename="collection.h" />
		<Unit filename="collectiona.cpp" />
		<Unit filename="collectiona.h" />
		<Unit filename="color.cpp" />
		<Unit filename="color.h" />
		<Unit filename="creature.cpp" />
		<Unit filename="creature.h" />
		<Unit filename="dice.cpp" />
		<Unit filename="dice.h" />
		<Unit filename="direction.cpp" />
		<Unit filename="direction.h" />
		<Unit filename="draw.cpp" />
		<Unit filename="draw.h" />
		<Unit filename="draw_effect.cpp" />
		<Unit filename="draw_effect.h" />
		<Unit filename="draw_floatinfo.cpp" />
		<Unit filename="draw_floatinfo.h" />
		<Unit filename="draw_object.cpp" />
		<Unit filename="draw_object.h" />
		<Unit filename="draw_surface.cpp" />
		<Unit filename="draw_text.cpp" />
		<Unit filename="draw_textf.cpp" />
		<Unit filename="draw_theme.cpp" />
		<Unit filename="drawable.h" />
		<Unit filename="enchant.cpp" />
		<Unit filename="enchant.h" />
		<Unit filename="feats.h" />
		<Unit filename="flagable.h" />
		<Unit filename="game.cpp" />
		<Unit filename="game.h" />
		<Unit filename="indexa.cpp" />
		<Unit filename="indexa.h" />
		<Unit filename="information.cpp" />
		<Unit filename="interface.cpp" />
		<Unit filename="io_stream.cpp" />
		<Unit filename="io_stream.h" />
		<Unit filename="item.cpp" />
		<Unit filename="item.h" />
		<Unit filename="itemlay.h" />
		<Unit filename="keyname.cpp" />
		<Unit filename="keyname.h" />
		<Unit filename="locale_ru.cpp" />
		<Unit filename="localization.cpp" />
		<Unit filename="math.cpp" />
		<Unit filename="math.h" />
		<Unit filename="message.h" />
		<Unit filename="monster.cpp" />
		<Unit filename="nix_draw3x.cpp" />
		<Unit filename="nix_io_file.cpp" />
		<Unit filename="nix_time.cpp" />
		<Unit filename="png.cpp" />
		<Unit filename="point.cpp" />
		<Unit filename="point.h" />
		<Unit filename="posable.h" />
		<Unit filename="print.cpp" />
		<Unit filename="print.h" />
		<Unit filename="pushvalue.h" />
		<Unit filename="rand.h" />
		<Unit filename="rect.h" />
		<Unit filename="resid.cpp" />
		<Unit filename="resid.h" />
		<Unit filename="scale2x.cpp" />
		<Unit filename="screenshoot.cpp" />
		<Unit filename="screenshoot.h" />
		<Unit filename="slice.h" />
		<Unit filename="speech.h" />
		<Unit filename="spell.cpp" />
		<Unit filename="spell.h" />
		<Unit filename="stringbuilder.cpp" />
		<Unit filename="stringbuilder.h" />
		<Unit filename="stringlocale.h" />
		<Unit filename="stringvar.cpp" />
		<Unit filename="stringvar.h" />
		<Unit filename="timer.cpp" />
		<Unit filename="timer.h" />
		<Unit filename="variant.h" />
		<Unit filename="visual.h" />
		<Unit filename="zip.cpp" />
		<Extensions />
	</Project>
</CodeBlocks_project_file>
